# This file is automatically @generated by Cargo.
# It is not intended for manual editing.
version = 4

[[package]]
name = "axiomraster-codec-api"
version = "0.2.0"
dependencies = [
 "axiomraster-core",
]

[[package]]
name = "axiomraster-codec-jpeg"
version = "0.1.0"
dependencies = [
 "axiomraster-codec-api",
 "axiomraster-core",
 "jpeg-encoder",
 "zune-core",
 "zune-jpeg",
]

[[package]]
name = "axiomraster-core"
version = "0.2.0"

[[package]]
name = "axiomraster-runtime"
version = "0.2.0"
dependencies = [
 "axiomraster-codec-api",
 "axiomraster-core",
]

[[package]]
name = "jpeg-encoder"
version = "0.7.1"
source = "registry+https://github.com/rust-lang/crates.io-index"
checksum = "a0370574b86f7eca156b9f298392b5e69a23f8c86f3f865add60bbc2e79467a6"

[[package]]
name = "imagecraft-axiom-packed-probe"
version = "0.0.0"
dependencies = [
 "axiomraster-codec-api",
 "axiomraster-codec-jpeg",
 "axiomraster-core",
 "axiomraster-runtime",
]

[[package]]
name = "zune-core"
version = "0.5.1"
source = "registry+https://github.com/rust-lang/crates.io-index"
checksum = "cb8a0807f7c01457d0379ba880ba6322660448ddebc890ce29bb64da71fb40f9"

[[package]]
name = "zune-jpeg"
version = "0.5.15"
source = "registry+https://github.com/rust-lang/crates.io-index"
checksum = "27bc9d5b815bc103f142aa054f561d9187d191692ec7c2d1e2b4737f8dbd7296"
dependencies = [
 "zune-core",
]
